
Microsoft Visual Studio Solution File, Format Version 12.00
# Visual Studio Version 17
VisualStudioVersion = 17.2.32630.192
MinimumVisualStudioVersion = 10.0.40219.1
Project("{9A19103F-16F7-4668-BE54-9A1E7A4F7556}") = "Shipping", "Shipping\Shipping.csproj", "{EC98AC7C-E94D-40C2-8C22-61498D1A4915}"
EndProject
Project("{9A19103F-16F7-4668-BE54-9A1E7A4F7556}") = "Shiping.Repository", "..\Shiping.Repository\Shiping.Repository.csproj", "{B6FC83ED-C0A5-4F79-9D1A-B53EBA638803}"
EndProject
Project("{9A19103F-16F7-4668-BE54-9A1E7A4F7556}") = "Shiping.Services", "..\Shiping.Services\Shiping.Services.csproj", "{7D9B4FC9-7A5A-41E6-B408-A325C7AA6DA7}"
EndProject
Global
	GlobalSection(SolutionConfigurationPlatforms) = preSolution
		Debug|Any CPU = Debug|Any CPU
		Release|Any CPU = Release|Any CPU
	EndGlobalSection
	GlobalSection(ProjectConfigurationPlatforms) = postSolution
		{EC98AC7C-E94D-40C2-8C22-61498D1A4915}.Debug|Any CPU.ActiveCfg = Debug|Any CPU
		{EC98AC7C-E94D-40C2-8C22-61498D1A4915}.Debug|Any CPU.Build.0 = Debug|Any CPU
		{EC98AC7C-E94D-40C2-8C22-61498D1A4915}.Release|Any CPU.ActiveCfg = Release|Any CPU
		{EC98AC7C-E94D-40C2-8C22-61498D1A4915}.Release|Any CPU.Build.0 = Release|Any CPU
		{B6FC83ED-C0A5-4F79-9D1A-B53EBA638803}.Debug|Any CPU.ActiveCfg = Debug|Any CPU
		{B6FC83ED-C0A5-4F79-9D1A-B53EBA638803}.Debug|Any CPU.Build.0 = Debug|Any CPU
		{B6FC83ED-C0A5-4F79-9D1A-B53EBA638803}.Release|Any CPU.ActiveCfg = Release|Any CPU
		{B6FC83ED-C0A5-4F79-9D1A-B53EBA638803}.Release|Any CPU.Build.0 = Release|Any CPU
		{7D9B4FC9-7A5A-41E6-B408-A325C7AA6DA7}.Debug|Any CPU.ActiveCfg = Debug|Any CPU
		{7D9B4FC9-7A5A-41E6-B408-A325C7AA6DA7}.Debug|Any CPU.Build.0 = Debug|Any CPU
		{7D9B4FC9-7A5A-41E6-B408-A325C7AA6DA7}.Release|Any CPU.ActiveCfg = Release|Any CPU
		{7D9B4FC9-7A5A-41E6-B408-A325C7AA6DA7}.Release|Any CPU.Build.0 = Release|Any CPU
	EndGlobalSection
	GlobalSection(SolutionProperties) = preSolution
		HideSolutionNode = FALSE
	EndGlobalSection
	GlobalSection(ExtensibilityGlobals) = postSolution
		SolutionGuid = {0B0020F7-77BD-434E-8BD4-6B3D137B0052}
	EndGlobalSection
EndGlobal
